
Microsoft Visual Studio Solution File, Format Version 12.00
# Visual Studio Version 17
VisualStudioVersion = 17.3.32811.315
MinimumVisualStudioVersion = 10.0.40219.1
Project("{FAE04EC0-301F-11D3-BF4B-00C04F79EFBC}") = "Ucus_Rezervasyon_Sistemi", "Ucus_Rezervasyon_Sistemi\Ucus_Rezervasyon_Sistemi.csproj", "{60A2A5CF-FC13-450A-AE64-0796AC9846F9}"
EndProject
Global
	GlobalSection(SolutionConfigurationPlatforms) = preSolution
		Debug|Any CPU = Debug|Any CPU
		Release|Any CPU = Release|Any CPU
	EndGlobalSection
	GlobalSection(ProjectConfigurationPlatforms) = postSolution
		{60A2A5CF-FC13-450A-AE64-0796AC9846F9}.Debug|Any CPU.ActiveCfg = Debug|Any CPU
		{60A2A5CF-FC13-450A-AE64-0796AC9846F9}.Debug|Any CPU.Build.0 = Debug|Any CPU
		{60A2A5CF-FC13-450A-AE64-0796AC9846F9}.Release|Any CPU.ActiveCfg = Release|Any CPU
		{60A2A5CF-FC13-450A-AE64-0796AC9846F9}.Release|Any CPU.Build.0 = Release|Any CPU
	EndGlobalSection
	GlobalSection(SolutionProperties) = preSolution
		HideSolutionNode = FALSE
	EndGlobalSection
	GlobalSection(ExtensibilityGlobals) = postSolution
		SolutionGuid = {A3D1DFB1-A373-452B-AFCB-887F6972F234}
	EndGlobalSection
EndGlobal
